{
  "name": "telegram-mcp",
  "version": "1.0.0",
  "lockfileVersion": 3,
  "requires": true,
  "packages": {
    "": {
      "name": "telegram-mcp",
      "version": "1.0.0",
      "license": "MIT",
      "dependencies": {
        "@modelcontextprotocol/sdk": "^1.30.0",
        "smee-client": "^4.4.3",
        "zod": "^3.24.0"
      },
      "bin": {
        "telegram-mcp": "src/mcp-server.js"
      },
      "engines": {
        "node": ">=18"
      }
    }
  }
}
